
Microsoft Visual Studio Solution File, Format Version 12.00
# Visual Studio Version 16
VisualStudioVersion = 16.0.30011.22
MinimumVisualStudioVersion = 10.0.40219.1
Project("{FAE04EC0-301F-11D3-BF4B-00C04F79EFBC}") = "EFCoreTest", "EFCoreTest\EFCoreTest.csproj", "{CA2AD8E0-E6E7-4430-AADA-BE7EE1E1B0EF}"
EndProject
Global
	GlobalSection(SolutionConfigurationPlatforms) = preSolution
		Debug|Any CPU = Debug|Any CPU
		Release|Any CPU = Release|Any CPU
	EndGlobalSection
	GlobalSection(ProjectConfigurationPlatforms) = postSolution
		{CA2AD8E0-E6E7-4430-AADA-BE7EE1E1B0EF}.Debug|Any CPU.ActiveCfg = Debug|Any CPU
		{CA2AD8E0-E6E7-4430-AADA-BE7EE1E1B0EF}.Debug|Any CPU.Build.0 = Debug|Any CPU
		{CA2AD8E0-E6E7-4430-AADA-BE7EE1E1B0EF}.Release|Any CPU.ActiveCfg = Release|Any CPU
		{CA2AD8E0-E6E7-4430-AADA-BE7EE1E1B0EF}.Release|Any CPU.Build.0 = Release|Any CPU
	EndGlobalSection
	GlobalSection(SolutionProperties) = preSolution
		HideSolutionNode = FALSE
	EndGlobalSection
	GlobalSection(ExtensibilityGlobals) = postSolution
		SolutionGuid = {22334BA4-295D-4458-88C0-2D03C6EA0A12}
	EndGlobalSection
EndGlobal
